// !$*UTF8*$!
{
	archiveVersion = 1;
	classes = {
	};
	objectVersion = 52;
	objects = {

/* Begin PBXBuildFile section */
		91AB2A2626E8E87700877856 /* AppDelegate.swift in Sources */ = {isa = PBXBuildFile; fileRef = 91AB2A2526E8E87700877856 /* AppDelegate.swift */; };
		91AB2A2826E8E87700877856 /* SceneDelegate.swift in Sources */ = {isa = PBXBuildFile; fileRef = 91AB2A2726E8E87700877856 /* SceneDelegate.swift */; };
		91AB2A2D26E8E87700877856 /* Main.storyboard in Resources */ = {isa = PBXBuildFile; fileRef = 91AB2A2B26E8E87700877856 /* Main.storyboard */; };
		91AB2A2F26E8E87900877856 /* Assets.xcassets in Resources */ = {isa = PBXBuildFile; fileRef = 91AB2A2E26E8E87900877856 /* Assets.xcassets */; };
		91AB2A3226E8E87900877856 /* LaunchScreen.storyboard in Resources */ = {isa = PBXBuildFile; fileRef = 91AB2A3026E8E87900877856 /* LaunchScreen.storyboard */; };
		91AB2A3D26E8E87A00877856 /* FBInstaTests.swift in Sources */ = {isa = PBXBuildFile; fileRef = 91AB2A3C26E8E87A00877856 /* FBInstaTests.swift */; };
		91AB2A4826E8E87A00877856 /* FBInstaUITests.swift in Sources */ = {isa = PBXBuildFile; fileRef = 91AB2A4726E8E87A00877856 /* FBInstaUITests.swift */; };
		91AB2A5726E90CBA00877856 /* FacebookShare in Frameworks */ = {isa = PBXBuildFile; productRef = 91AB2A5626E90CBA00877856 /* FacebookShare */; };
		91AB2A5926E90CBA00877856 /* FacebookCore in Frameworks */ = {isa = PBXBuildFile; productRef = 91AB2A5826E90CBA00877856 /* FacebookCore */; };
		91AB2A5B26E90CBA00877856 /* FacebookAEM in Frameworks */ = {isa = PBXBuildFile; productRef = 91AB2A5A26E90CBA00877856 /* FacebookAEM */; };
		91AB2A5D26E90CBA00877856 /* FacebookLogin in Frameworks */ = {isa = PBXBuildFile; productRef = 91AB2A5C26E90CBA00877856 /* FacebookLogin */; };
		91AB2A5F26E90D0900877856 /* SplashViewController.swift in Sources */ = {isa = PBXBuildFile; fileRef = 91AB2A5E26E90D0900877856 /* SplashViewController.swift */; };
		91AB2A6126E90D1F00877856 /* FBFeedViewController.swift in Sources */ = {isa = PBXBuildFile; fileRef = 91AB2A6026E90D1F00877856 /* FBFeedViewController.swift */; };
		91AB2A6326E90D2C00877856 /* InstaFeedViewController.swift in Sources */ = {isa = PBXBuildFile; fileRef = 91AB2A6226E90D2C00877856 /* InstaFeedViewController.swift */; };
		91AFAECC26EA1C9800E6D775 /* SplashViewModel.swift in Sources */ = {isa = PBXBuildFile; fileRef = 91AFAECB26EA1C9800E6D775 /* SplashViewModel.swift */; };
		91AFAECE26EA2C0C00E6D775 /* LoginViewController.swift in Sources */ = {isa = PBXBuildFile; fileRef = 91AFAECD26EA2C0C00E6D775 /* LoginViewController.swift */; };
		91AFAED026EA2C1C00E6D775 /* LoginViewModel.swift in Sources */ = {isa = PBXBuildFile; fileRef = 91AFAECF26EA2C1C00E6D775 /* LoginViewModel.swift */; };
/* End PBXBuildFile section */

/* Begin PBXContainerItemProxy section */
		91AB2A3926E8E87A00877856 /* PBXContainerItemProxy */ = {
			isa = PBXContainerItemProxy;
			containerPortal = 91AB2A1A26E8E87700877856 /* Project object */;
			proxyType = 1;
			remoteGlobalIDString = 91AB2A2126E8E87700877856;
			remoteInfo = FBInsta;
		};
		91AB2A4426E8E87A00877856 /* PBXContainerItemProxy */ = {
			isa = PBXContainerItemProxy;
			containerPortal = 91AB2A1A26E8E87700877856 /* Project object */;
			proxyType = 1;
			remoteGlobalIDString = 91AB2A2126E8E87700877856;
			remoteInfo = FBInsta;
		};
/* End PBXContainerItemProxy section */

/* Begin PBXFileReference section */
		91AB2A2226E8E87700877856 /* FBInsta.app */ = {isa = PBXFileReference; explicitFileType = wrapper.application; includeInIndex = 0; path = FBInsta.app; sourceTree = BUILT_PRODUCTS_DIR; };
		91AB2A2526E8E87700877856 /* AppDelegate.swift */ = {isa = PBXFileReference; lastKnownFileType = sourcecode.swift; path = AppDelegate.swift; sourceTree = "<group>"; };
		91AB2A2726E8E87700877856 /* SceneDelegate.swift */ = {isa = PBXFileReference; lastKnownFileType = sourcecode.swift; path = SceneDelegate.swift; sourceTree = "<group>"; };
		91AB2A2C26E8E87700877856 /* Base */ = {isa = PBXFileReference; lastKnownFileType = file.storyboard; name = Base; path = Base.lproj/Main.storyboard; sourceTree = "<group>"; };
		91AB2A2E26E8E87900877856 /* Assets.xcassets */ = {isa = PBXFileReference; lastKnownFileType = folder.assetcatalog; path = Assets.xcassets; sourceTree = "<group>"; };
		91AB2A3126E8E87900877856 /* Base */ = {isa = PBXFileReference; lastKnownFileType = file.storyboard; name = Base; path = Base.lproj/LaunchScreen.storyboard; sourceTree = "<group>"; };
		91AB2A3326E8E87900877856 /* Info.plist */ = {isa = PBXFileReference; lastKnownFileType = text.plist.xml; path = Info.plist; sourceTree = "<group>"; };
		91AB2A3826E8E87A00877856 /* FBInstaTests.xctest */ = {isa = PBXFileReference; explicitFileType = wrapper.cfbundle; includeInIndex = 0; path = FBInstaTests.xctest; sourceTree = BUILT_PRODUCTS_DIR; };
		91AB2A3C26E8E87A00877856 /* FBInstaTests.swift */ = {isa = PBXFileReference; lastKnownFileType = sourcecode.swift; path = FBInstaTests.swift; sourceTree = "<group>"; };
		91AB2A3E26E8E87A00877856 /* Info.plist */ = {isa = PBXFileReference; lastKnownFileType = text.plist.xml; path = Info.plist; sourceTree = "<group>"; };
		91AB2A4326E8E87A00877856 /* FBInstaUITests.xctest */ = {isa = PBXFileReference; explicitFileType = wrapper.cfbundle; includeInIndex = 0; path = FBInstaUITests.xctest; sourceTree = BUILT_PRODUCTS_DIR; };
		91AB2A4726E8E87A00877856 /* FBInstaUITests.swift */ = {isa = PBXFileReference; lastKnownFileType = sourcecode.swift; path = FBInstaUITests.swift; sourceTree = "<group>"; };
		91AB2A4926E8E87A00877856 /* Info.plist */ = {isa = PBXFileReference; lastKnownFileType = text.plist.xml; path = Info.plist; sourceTree = "<group>"; };
		91AB2A5E26E90D0900877856 /* SplashViewController.swift */ = {isa = PBXFileReference; lastKnownFileType = sourcecode.swift; path = SplashViewController.swift; sourceTree = "<group>"; };
		91AB2A6026E90D1F00877856 /* FBFeedViewController.swift */ = {isa = PBXFileReference; lastKnownFileType = sourcecode.swift; path = FBFeedViewController.swift; sourceTree = "<group>"; };
		91AB2A6226E90D2C00877856 /* InstaFeedViewController.swift */ = {isa = PBXFileReference; lastKnownFileType = sourcecode.swift; path = InstaFeedViewController.swift; sourceTree = "<group>"; };
		91AFAECB26EA1C9800E6D775 /* SplashViewModel.swift */ = {isa = PBXFileReference; lastKnownFileType = sourcecode.swift; path = SplashViewModel.swift; sourceTree = "<group>"; };
		91AFAECD26EA2C0C00E6D775 /* LoginViewController.swift */ = {isa = PBXFileReference; lastKnownFileType = sourcecode.swift; path = LoginViewController.swift; sourceTree = "<group>"; };
		91AFAECF26EA2C1C00E6D775 /* LoginViewModel.swift */ = {isa = PBXFileReference; lastKnownFileType = sourcecode.swift; path = LoginViewModel.swift; sourceTree = "<group>"; };
/* End PBXFileReference section */

/* Begin PBXFrameworksBuildPhase section */
		91AB2A1F26E8E87700877856 /* Frameworks */ = {
			isa = PBXFrameworksBuildPhase;
			buildActionMask = 2147483647;
			files = (
				91AB2A5D26E90CBA00877856 /* FacebookLogin in Frameworks */,
				91AB2A5B26E90CBA00877856 /* FacebookAEM in Frameworks */,
				91AB2A5726E90CBA00877856 /* FacebookShare in Frameworks */,
				91AB2A5926E90CBA00877856 /* FacebookCore in Frameworks */,
			);
			runOnlyForDeploymentPostprocessing = 0;
		};
		91AB2A3526E8E87A00877856 /* Frameworks */ = {
			isa = PBXFrameworksBuildPhase;
			buildActionMask = 2147483647;
			files = (
			);
			runOnlyForDeploymentPostprocessing = 0;
		};
		91AB2A4026E8E87A00877856 /* Frameworks */ = {
			isa = PBXFrameworksBuildPhase;
			buildActionMask = 2147483647;
			files = (
			);
			runOnlyForDeploymentPostprocessing = 0;
		};
/* End PBXFrameworksBuildPhase section */

/* Begin PBXGroup section */
		91AB2A1926E8E87700877856 = {
			isa = PBXGroup;
			children = (
				91AB2A2426E8E87700877856 /* FBInsta */,
				91AB2A3B26E8E87A00877856 /* FBInstaTests */,
				91AB2A4626E8E87A00877856 /* FBInstaUITests */,
				91AB2A2326E8E87700877856 /* Products */,
			);
			sourceTree = "<group>";
		};
		91AB2A2326E8E87700877856 /* Products */ = {
			isa = PBXGroup;
			children = (
				91AB2A2226E8E87700877856 /* FBInsta.app */,
				91AB2A3826E8E87A00877856 /* FBInstaTests.xctest */,
				91AB2A4326E8E87A00877856 /* FBInstaUITests.xctest */,
			);
			name = Products;
			sourceTree = "<group>";
		};
		91AB2A2426E8E87700877856 /* FBInsta */ = {
			isa = PBXGroup;
			children = (
				91AB2A2526E8E87700877856 /* AppDelegate.swift */,
				91AB2A2726E8E87700877856 /* SceneDelegate.swift */,
				91AB2A2B26E8E87700877856 /* Main.storyboard */,
				91AB2A2E26E8E87900877856 /* Assets.xcassets */,
				91AB2A3026E8E87900877856 /* LaunchScreen.storyboard */,
				91AB2A3326E8E87900877856 /* Info.plist */,
				91AB2A5E26E90D0900877856 /* SplashViewController.swift */,
				91AFAECB26EA1C9800E6D775 /* SplashViewModel.swift */,
				91AB2A6026E90D1F00877856 /* FBFeedViewController.swift */,
				91AB2A6226E90D2C00877856 /* InstaFeedViewController.swift */,
				91AFAECD26EA2C0C00E6D775 /* LoginViewController.swift */,
				91AFAECF26EA2C1C00E6D775 /* LoginViewModel.swift */,
			);
			path = FBInsta;
			sourceTree = "<group>";
		};
		91AB2A3B26E8E87A00877856 /* FBInstaTests */ = {
			isa = PBXGroup;
			children = (
				91AB2A3C26E8E87A00877856 /* FBInstaTests.swift */,
				91AB2A3E26E8E87A00877856 /* Info.plist */,
			);
			path = FBInstaTests;
			sourceTree = "<group>";
		};
		91AB2A4626E8E87A00877856 /* FBInstaUITests */ = {
			isa = PBXGroup;
			children = (
				91AB2A4726E8E87A00877856 /* FBInstaUITests.swift */,
				91AB2A4926E8E87A00877856 /* Info.plist */,
			);
			path = FBInstaUITests;
			sourceTree = "<group>";
		};
/* End PBXGroup section */

/* Begin PBXNativeTarget section */
		91AB2A2126E8E87700877856 /* FBInsta */ = {
			isa = PBXNativeTarget;
			buildConfigurationList = 91AB2A4C26E8E87A00877856 /* Build configuration list for PBXNativeTarget "FBInsta" */;
			buildPhases = (
				91AB2A1E26E8E87700877856 /* Sources */,
				91AB2A1F26E8E87700877856 /* Frameworks */,
				91AB2A2026E8E87700877856 /* Resources */,
			);
			buildRules = (
			);
			dependencies = (
			);
			name = FBInsta;
			packageProductDependencies = (
				91AB2A5626E90CBA00877856 /* FacebookShare */,
				91AB2A5826E90CBA00877856 /* FacebookCore */,
				91AB2A5A26E90CBA00877856 /* FacebookAEM */,
				91AB2A5C26E90CBA00877856 /* FacebookLogin */,
			);
			productName = FBInsta;
			productReference = 91AB2A2226E8E87700877856 /* FBInsta.app */;
			productType = "com.apple.product-type.application";
		};
		91AB2A3726E8E87A00877856 /* FBInstaTests */ = {
			isa = PBXNativeTarget;
			buildConfigurationList = 91AB2A4F26E8E87A00877856 /* Build configuration list for PBXNativeTarget "FBInstaTests" */;
			buildPhases = (
				91AB2A3426E8E87A00877856 /* Sources */,
				91AB2A3526E8E87A00877856 /* Frameworks */,
				91AB2A3626E8E87A00877856 /* Resources */,
			);
			buildRules = (
			);
			dependencies = (
				91AB2A3A26E8E87A00877856 /* PBXTargetDependency */,
			);
			name = FBInstaTests;
			productName = FBInstaTests;
			productReference = 91AB2A3826E8E87A00877856 /* FBInstaTests.xctest */;
			productType = "com.apple.product-type.bundle.unit-test";
		};
		91AB2A4226E8E87A00877856 /* FBInstaUITests */ = {
			isa = PBXNativeTarget;
			buildConfigurationList = 91AB2A5226E8E87A00877856 /* Build configuration list for PBXNativeTarget "FBInstaUITests" */;
			buildPhases = (
				91AB2A3F26E8E87A00877856 /* Sources */,
				91AB2A4026E8E87A00877856 /* Frameworks */,
				91AB2A4126E8E87A00877856 /* Resources */,
			);
			buildRules = (
			);
			dependencies = (
				91AB2A4526E8E87A00877856 /* PBXTargetDependency */,
			);
			name = FBInstaUITests;
			productName = FBInstaUITests;
			productReference = 91AB2A4326E8E87A00877856 /* FBInstaUITests.xctest */;
			productType = "com.apple.product-type.bundle.ui-testing";
		};
/* End PBXNativeTarget section */

/* Begin PBXProject section */
		91AB2A1A26E8E87700877856 /* Project object */ = {
			isa = PBXProject;
			attributes = {
				LastSwiftUpdateCheck = 1250;
				LastUpgradeCheck = 1250;
				TargetAttributes = {
					91AB2A2126E8E87700877856 = {
						CreatedOnToolsVersion = 12.5.1;
					};
					91AB2A3726E8E87A00877856 = {
						CreatedOnToolsVersion = 12.5.1;
						TestTargetID = 91AB2A2126E8E87700877856;
					};
					91AB2A4226E8E87A00877856 = {
						CreatedOnToolsVersion = 12.5.1;
						TestTargetID = 91AB2A2126E8E87700877856;
					};
				};
			};
			buildConfigurationList = 91AB2A1D26E8E87700877856 /* Build configuration list for PBXProject "FBInsta" */;
			compatibilityVersion = "Xcode 9.3";
			developmentRegion = en;
			hasScannedForEncodings = 0;
			knownRegions = (
				en,
				Base,
			);
			mainGroup = 91AB2A1926E8E87700877856;
			packageReferences = (
				91AB2A5526E90CBA00877856 /* XCRemoteSwiftPackageReference "facebook-ios-sdk" */,
			);
			productRefGroup = 91AB2A2326E8E87700877856 /* Products */;
			projectDirPath = "";
			projectRoot = "";
			targets = (
				91AB2A2126E8E87700877856 /* FBInsta */,
				91AB2A3726E8E87A00877856 /* FBInstaTests */,
				91AB2A4226E8E87A00877856 /* FBInstaUITests */,
			);
		};
/* End PBXProject section */

/* Begin PBXResourcesBuildPhase section */
		91AB2A2026E8E87700877856 /* Resources */ = {
			isa = PBXResourcesBuildPhase;
			buildActionMask = 2147483647;
			files = (
				91AB2A3226E8E87900877856 /* LaunchScreen.storyboard in Resources */,
				91AB2A2F26E8E87900877856 /* Assets.xcassets in Resources */,
				91AB2A2D26E8E87700877856 /* Main.storyboard in Resources */,
			);
			runOnlyForDeploymentPostprocessing = 0;
		};
		91AB2A3626E8E87A00877856 /* Resources */ = {
			isa = PBXResourcesBuildPhase;
			buildActionMask = 2147483647;
			files = (
			);
			runOnlyForDeploymentPostprocessing = 0;
		};
		91AB2A4126E8E87A00877856 /* Resources */ = {
			isa = PBXResourcesBuildPhase;
			buildActionMask = 2147483647;
			files = (
			);
			runOnlyForDeploymentPostprocessing = 0;
		};
/* End PBXResourcesBuildPhase section */

/* Begin PBXSourcesBuildPhase section */
		91AB2A1E26E8E87700877856 /* Sources */ = {
			isa = PBXSourcesBuildPhase;
			buildActionMask = 2147483647;
			files = (
				91AFAECE26EA2C0C00E6D775 /* LoginViewController.swift in Sources */,
				91AB2A2626E8E87700877856 /* AppDelegate.swift in Sources */,
				91AB2A6326E90D2C00877856 /* InstaFeedViewController.swift in Sources */,
				91AB2A6126E90D1F00877856 /* FBFeedViewController.swift in Sources */,
				91AFAED026EA2C1C00E6D775 /* LoginViewModel.swift in Sources */,
				91AFAECC26EA1C9800E6D775 /* SplashViewModel.swift in Sources */,
				91AB2A2826E8E87700877856 /* SceneDelegate.swift in Sources */,
				91AB2A5F26E90D0900877856 /* SplashViewController.swift in Sources */,
			);
			runOnlyForDeploymentPostprocessing = 0;
		};
		91AB2A3426E8E87A00877856 /* Sources */ = {
			isa = PBXSourcesBuildPhase;
			buildActionMask = 2147483647;
			files = (
				91AB2A3D26E8E87A00877856 /* FBInstaTests.swift in Sources */,
			);
			runOnlyForDeploymentPostprocessing = 0;
		};
		91AB2A3F26E8E87A00877856 /* Sources */ = {
			isa = PBXSourcesBuildPhase;
			buildActionMask = 2147483647;
			files = (
				91AB2A4826E8E87A00877856 /* FBInstaUITests.swift in Sources */,
			);
			runOnlyForDeploymentPostprocessing = 0;
		};
/* End PBXSourcesBuildPhase section */

/* Begin PBXTargetDependency section */
		91AB2A3A26E8E87A00877856 /* PBXTargetDependency */ = {
			isa = PBXTargetDependency;
			target = 91AB2A2126E8E87700877856 /* FBInsta */;
			targetProxy = 91AB2A3926E8E87A00877856 /* PBXContainerItemProxy */;
		};
		91AB2A4526E8E87A00877856 /* PBXTargetDependency */ = {
			isa = PBXTargetDependency;
			target = 91AB2A2126E8E87700877856 /* FBInsta */;
			targetProxy = 91AB2A4426E8E87A00877856 /* PBXContainerItemProxy */;
		};
/* End PBXTargetDependency section */

/* Begin PBXVariantGroup section */
		91AB2A2B26E8E87700877856 /* Main.storyboard */ = {
			isa = PBXVariantGroup;
			children = (
				91AB2A2C26E8E87700877856 /* Base */,
			);
			name = Main.storyboard;
			sourceTree = "<group>";
		};
		91AB2A3026E8E87900877856 /* LaunchScreen.storyboard */ = {
			isa = PBXVariantGroup;
			children = (
				91AB2A3126E8E87900877856 /* Base */,
			);
			name = LaunchScreen.storyboard;
			sourceTree = "<group>";
		};
/* End PBXVariantGroup section */

/* Begin XCBuildConfiguration section */
		91AB2A4A26E8E87A00877856 /* Debug */ = {
			isa = XCBuildConfiguration;
			buildSettings = {
				ALWAYS_SEARCH_USER_PATHS = NO;
				CLANG_ANALYZER_NONNULL = YES;
				CLANG_ANALYZER_NUMBER_OBJECT_CONVERSION = YES_AGGRESSIVE;
				CLANG_CXX_LANGUAGE_STANDARD = "gnu++14";
				CLANG_CXX_LIBRARY = "libc++";
				CLANG_ENABLE_MODULES = YES;
				CLANG_ENABLE_OBJC_ARC = YES;
				CLANG_ENABLE_OBJC_WEAK = YES;
				CLANG_WARN_BLOCK_CAPTURE_AUTORELEASING = YES;
				CLANG_WARN_BOOL_CONVERSION = YES;
				CLANG_WARN_COMMA = YES;
				CLANG_WARN_CONSTANT_CONVERSION = YES;
				CLANG_WARN_DEPRECATED_OBJC_IMPLEMENTATIONS = YES;
				CLANG_WARN_DIRECT_OBJC_ISA_USAGE = YES_ERROR;
				CLANG_WARN_DOCUMENTATION_COMMENTS = YES;
				CLANG_WARN_EMPTY_BODY = YES;
				CLANG_WARN_ENUM_CONVERSION = YES;
				CLANG_WARN_INFINITE_RECURSION = YES;
				CLANG_WARN_INT_CONVERSION = YES;
				CLANG_WARN_NON_LITERAL_NULL_CONVERSION = YES;
				CLANG_WARN_OBJC_IMPLICIT_RETAIN_SELF = YES;
				CLANG_WARN_OBJC_LITERAL_CONVERSION = YES;
				CLANG_WARN_OBJC_ROOT_CLASS = YES_ERROR;
				CLANG_WARN_QUOTED_INCLUDE_IN_FRAMEWORK_HEADER = YES;
				CLANG_WARN_RANGE_LOOP_ANALYSIS = YES;
				CLANG_WARN_STRICT_PROTOTYPES = YES;
				CLANG_WARN_SUSPICIOUS_MOVE = YES;
				CLANG_WARN_UNGUARDED_AVAILABILITY = YES_AGGRESSIVE;
				CLANG_WARN_UNREACHABLE_CODE = YES;
				CLANG_WARN__DUPLICATE_METHOD_MATCH = YES;
				COPY_PHASE_STRIP = NO;
				DEBUG_INFORMATION_FORMAT = dwarf;
				ENABLE_STRICT_OBJC_MSGSEND = YES;
				ENABLE_TESTABILITY = YES;
				GCC_C_LANGUAGE_STANDARD = gnu11;
				GCC_DYNAMIC_NO_PIC = NO;
				GCC_NO_COMMON_BLOCKS = YES;
				GCC_OPTIMIZATION_LEVEL = 0;
				GCC_PREPROCESSOR_DEFINITIONS = (
					"DEBUG=1",
					"$(inherited)",
				);
				GCC_WARN_64_TO_32_BIT_CONVERSION = YES;
				GCC_WARN_ABOUT_RETURN_TYPE = YES_ERROR;
				GCC_WARN_UNDECLARED_SELECTOR = YES;
				GCC_WARN_UNINITIALIZED_AUTOS = YES_AGGRESSIVE;
				GCC_WARN_UNUSED_FUNCTION = YES;
				GCC_WARN_UNUSED_VARIABLE = YES;
				IPHONEOS_DEPLOYMENT_TARGET = 14.5;
				MTL_ENABLE_DEBUG_INFO = INCLUDE_SOURCE;
				MTL_FAST_MATH = YES;
				ONLY_ACTIVE_ARCH = YES;
				SDKROOT = iphoneos;
				SWIFT_ACTIVE_COMPILATION_CONDITIONS = DEBUG;
				SWIFT_OPTIMIZATION_LEVEL = "-Onone";
			};
			name = Debug;
		};
		91AB2A4B26E8E87A00877856 /* Release */ = {
			isa = XCBuildConfiguration;
			buildSettings = {
				ALWAYS_SEARCH_USER_PATHS = NO;
				CLANG_ANALYZER_NONNULL = YES;
				CLANG_ANALYZER_NUMBER_OBJECT_CONVERSION = YES_AGGRESSIVE;
				CLANG_CXX_LANGUAGE_STANDARD = "gnu++14";
				CLANG_CXX_LIBRARY = "libc++";
				CLANG_ENABLE_MODULES = YES;
				CLANG_ENABLE_OBJC_ARC = YES;
				CLANG_ENABLE_OBJC_WEAK = YES;
				CLANG_WARN_BLOCK_CAPTURE_AUTORELEASING = YES;
				CLANG_WARN_BOOL_CONVERSION = YES;
				CLANG_WARN_COMMA = YES;
				CLANG_WARN_CONSTANT_CONVERSION = YES;
				CLANG_WARN_DEPRECATED_OBJC_IMPLEMENTATIONS = YES;
				CLANG_WARN_DIRECT_OBJC_ISA_USAGE = YES_ERROR;
				CLANG_WARN_DOCUMENTATION_COMMENTS = YES;
				CLANG_WARN_EMPTY_BODY = YES;
				CLANG_WARN_ENUM_CONVERSION = YES;
				CLANG_WARN_INFINITE_RECURSION = YES;
				CLANG_WARN_INT_CONVERSION = YES;
				CLANG_WARN_NON_LITERAL_NULL_CONVERSION = YES;
				CLANG_WARN_OBJC_IMPLICIT_RETAIN_SELF = YES;
				CLANG_WARN_OBJC_LITERAL_CONVERSION = YES;
				CLANG_WARN_OBJC_ROOT_CLASS = YES_ERROR;
				CLANG_WARN_QUOTED_INCLUDE_IN_FRAMEWORK_HEADER = YES;
				CLANG_WARN_RANGE_LOOP_ANALYSIS = YES;
				CLANG_WARN_STRICT_PROTOTYPES = YES;
				CLANG_WARN_SUSPICIOUS_MOVE = YES;
				CLANG_WARN_UNGUARDED_AVAILABILITY = YES_AGGRESSIVE;
				CLANG_WARN_UNREACHABLE_CODE = YES;
				CLANG_WARN__DUPLICATE_METHOD_MATCH = YES;
				COPY_PHASE_STRIP = NO;
				DEBUG_INFORMATION_FORMAT = "dwarf-with-dsym";
				ENABLE_NS_ASSERTIONS = NO;
				ENABLE_STRICT_OBJC_MSGSEND = YES;
				GCC_C_LANGUAGE_STANDARD = gnu11;
				GCC_NO_COMMON_BLOCKS = YES;
				GCC_WARN_64_TO_32_BIT_CONVERSION = YES;
				GCC_WARN_ABOUT_RETURN_TYPE = YES_ERROR;
				GCC_WARN_UNDECLARED_SELECTOR = YES;
				GCC_WARN_UNINITIALIZED_AUTOS = YES_AGGRESSIVE;
				GCC_WARN_UNUSED_FUNCTION = YES;
				GCC_WARN_UNUSED_VARIABLE = YES;
				IPHONEOS_DEPLOYMENT_TARGET = 14.5;
				MTL_ENABLE_DEBUG_INFO = NO;
				MTL_FAST_MATH = YES;
				SDKROOT = iphoneos;
				SWIFT_COMPILATION_MODE = wholemodule;
				SWIFT_OPTIMIZATION_LEVEL = "-O";
				VALIDATE_PRODUCT = YES;
			};
			name = Release;
		};
		91AB2A4D26E8E87A00877856 /* Debug */ = {
			isa = XCBuildConfiguration;
			buildSettings = {
				ASSETCATALOG_COMPILER_APPICON_NAME = AppIcon;
				ASSETCATALOG_COMPILER_GLOBAL_ACCENT_COLOR_NAME = AccentColor;
				CODE_SIGN_STYLE = Automatic;
				INFOPLIST_FILE = FBInsta/Info.plist;
				LD_RUNPATH_SEARCH_PATHS = (
					"$(inherited)",
					"@executable_path/Frameworks",
				);
				PRODUCT_BUNDLE_IDENTIFIER = com.pl.fbinsta;
				PRODUCT_NAME = "$(TARGET_NAME)";
				SWIFT_VERSION = 5.0;
				TARGETED_DEVICE_FAMILY = "1,2";
			};
			name = Debug;
		};
		91AB2A4E26E8E87A00877856 /* Release */ = {
			isa = XCBuildConfiguration;
			buildSettings = {
				ASSETCATALOG_COMPILER_APPICON_NAME = AppIcon;
				ASSETCATALOG_COMPILER_GLOBAL_ACCENT_COLOR_NAME = AccentColor;
				CODE_SIGN_STYLE = Automatic;
				INFOPLIST_FILE = FBInsta/Info.plist;
				LD_RUNPATH_SEARCH_PATHS = (
					"$(inherited)",
					"@executable_path/Frameworks",
				);
				PRODUCT_BUNDLE_IDENTIFIER = com.pl.fbinsta;
				PRODUCT_NAME = "$(TARGET_NAME)";
				SWIFT_VERSION = 5.0;
				TARGETED_DEVICE_FAMILY = "1,2";
			};
			name = Release;
		};
		91AB2A5026E8E87A00877856 /* Debug */ = {
			isa = XCBuildConfiguration;
			buildSettings = {
				ALWAYS_EMBED_SWIFT_STANDARD_LIBRARIES = YES;
				BUNDLE_LOADER = "$(TEST_HOST)";
				CODE_SIGN_STYLE = Automatic;
				INFOPLIST_FILE = FBInstaTests/Info.plist;
				IPHONEOS_DEPLOYMENT_TARGET = 14.5;
				LD_RUNPATH_SEARCH_PATHS = (
					"$(inherited)",
					"@executable_path/Frameworks",
					"@loader_path/Frameworks",
				);
				PRODUCT_BUNDLE_IDENTIFIER = com.pl.FBInstaTests;
				PRODUCT_NAME = "$(TARGET_NAME)";
				SWIFT_VERSION = 5.0;
				TARGETED_DEVICE_FAMILY = "1,2";
				TEST_HOST = "$(BUILT_PRODUCTS_DIR)/FBInsta.app/FBInsta";
			};
			name = Debug;
		};
		91AB2A5126E8E87A00877856 /* Release */ = {
			isa = XCBuildConfiguration;
			buildSettings = {
				ALWAYS_EMBED_SWIFT_STANDARD_LIBRARIES = YES;
				BUNDLE_LOADER = "$(TEST_HOST)";
				CODE_SIGN_STYLE = Automatic;
				INFOPLIST_FILE = FBInstaTests/Info.plist;
				IPHONEOS_DEPLOYMENT_TARGET = 14.5;
				LD_RUNPATH_SEARCH_PATHS = (
					"$(inherited)",
					"@executable_path/Frameworks",
					"@loader_path/Frameworks",
				);
				PRODUCT_BUNDLE_IDENTIFIER = com.pl.FBInstaTests;
				PRODUCT_NAME = "$(TARGET_NAME)";
				SWIFT_VERSION = 5.0;
				TARGETED_DEVICE_FAMILY = "1,2";
				TEST_HOST = "$(BUILT_PRODUCTS_DIR)/FBInsta.app/FBInsta";
			};
			name = Release;
		};
		91AB2A5326E8E87A00877856 /* Debug */ = {
			isa = XCBuildConfiguration;
			buildSettings = {
				ALWAYS_EMBED_SWIFT_STANDARD_LIBRARIES = YES;
				CODE_SIGN_STYLE = Automatic;
				INFOPLIST_FILE = FBInstaUITests/Info.plist;
				LD_RUNPATH_SEARCH_PATHS = (
					"$(inherited)",
					"@executable_path/Frameworks",
					"@loader_path/Frameworks",
				);
				PRODUCT_BUNDLE_IDENTIFIER = com.pl.FBInstaUITests;
				PRODUCT_NAME = "$(TARGET_NAME)";
				SWIFT_VERSION = 5.0;
				TARGETED_DEVICE_FAMILY = "1,2";
				TEST_TARGET_NAME = FBInsta;
			};
			name = Debug;
		};
		91AB2A5426E8E87A00877856 /* Release */ = {
			isa = XCBuildConfiguration;
			buildSettings = {
				ALWAYS_EMBED_SWIFT_STANDARD_LIBRARIES = YES;
				CODE_SIGN_STYLE = Automatic;
				INFOPLIST_FILE = FBInstaUITests/Info.plist;
				LD_RUNPATH_SEARCH_PATHS = (
					"$(inherited)",
					"@executable_path/Frameworks",
					"@loader_path/Frameworks",
				);
				PRODUCT_BUNDLE_IDENTIFIER = com.pl.FBInstaUITests;
				PRODUCT_NAME = "$(TARGET_NAME)";
				SWIFT_VERSION = 5.0;
				TARGETED_DEVICE_FAMILY = "1,2";
				TEST_TARGET_NAME = FBInsta;
			};
			name = Release;
		};
/* End XCBuildConfiguration section */

/* Begin XCConfigurationList section */
		91AB2A1D26E8E87700877856 /* Build configuration list for PBXProject "FBInsta" */ = {
			isa = XCConfigurationList;
			buildConfigurations = (
				91AB2A4A26E8E87A00877856 /* Debug */,
				91AB2A4B26E8E87A00877856 /* Release */,
			);
			defaultConfigurationIsVisible = 0;
			defaultConfigurationName = Release;
		};
		91AB2A4C26E8E87A00877856 /* Build configuration list for PBXNativeTarget "FBInsta" */ = {
			isa = XCConfigurationList;
			buildConfigurations = (
				91AB2A4D26E8E87A00877856 /* Debug */,
				91AB2A4E26E8E87A00877856 /* Release */,
			);
			defaultConfigurationIsVisible = 0;
			defaultConfigurationName = Release;
		};
		91AB2A4F26E8E87A00877856 /* Build configuration list for PBXNativeTarget "FBInstaTests" */ = {
			isa = XCConfigurationList;
			buildConfigurations = (
				91AB2A5026E8E87A00877856 /* Debug */,
				91AB2A5126E8E87A00877856 /* Release */,
			);
			defaultConfigurationIsVisible = 0;
			defaultConfigurationName = Release;
		};
		91AB2A5226E8E87A00877856 /* Build configuration list for PBXNativeTarget "FBInstaUITests" */ = {
			isa = XCConfigurationList;
			buildConfigurations = (
				91AB2A5326E8E87A00877856 /* Debug */,
				91AB2A5426E8E87A00877856 /* Release */,
			);
			defaultConfigurationIsVisible = 0;
			defaultConfigurationName = Release;
		};
/* End XCConfigurationList section */

/* Begin XCRemoteSwiftPackageReference section */
		91AB2A5526E90CBA00877856 /* XCRemoteSwiftPackageReference "facebook-ios-sdk" */ = {
			isa = XCRemoteSwiftPackageReference;
			repositoryURL = "https://github.com/facebook/facebook-ios-sdk";
			requirement = {
				kind = upToNextMajorVersion;
				minimumVersion = 11.2.0;
			};
		};
/* End XCRemoteSwiftPackageReference section */

/* Begin XCSwiftPackageProductDependency section */
		91AB2A5626E90CBA00877856 /* FacebookShare */ = {
			isa = XCSwiftPackageProductDependency;
			package = 91AB2A5526E90CBA00877856 /* XCRemoteSwiftPackageReference "facebook-ios-sdk" */;
			productName = FacebookShare;
		};
		91AB2A5826E90CBA00877856 /* FacebookCore */ = {
			isa = XCSwiftPackageProductDependency;
			package = 91AB2A5526E90CBA00877856 /* XCRemoteSwiftPackageReference "facebook-ios-sdk" */;
			productName = FacebookCore;
		};
		91AB2A5A26E90CBA00877856 /* FacebookAEM */ = {
			isa = XCSwiftPackageProductDependency;
			package = 91AB2A5526E90CBA00877856 /* XCRemoteSwiftPackageReference "facebook-ios-sdk" */;
			productName = FacebookAEM;
		};
		91AB2A5C26E90CBA00877856 /* FacebookLogin */ = {
			isa = XCSwiftPackageProductDependency;
			package = 91AB2A5526E90CBA00877856 /* XCRemoteSwiftPackageReference "facebook-ios-sdk" */;
			productName = FacebookLogin;
		};
/* End XCSwiftPackageProductDependency section */
	};
	rootObject = 91AB2A1A26E8E87700877856 /* Project object */;
}
